
Microsoft Visual Studio Solution File, Format Version 12.00
# Visual Studio 2013
VisualStudioVersion = 12.0.21005.1
MinimumVisualStudioVersion = 10.0.40219.1
Project("{8BC9CEB8-8B4A-11D0-8D11-00A0C91BC942}") = "Json2Struct", "Json2Struct\Json2Struct.vcxproj", "{3D9E2F9C-6083-4F44-A2C2-32C84292E232}"
EndProject
Project("{8BC9CEB8-8B4A-11D0-8D11-00A0C91BC942}") = "json-c", "json-c\json-c.vcxproj", "{04D8CDBE-FB3E-4362-87E6-07DC3C0083B2}"
EndProject
Global
	GlobalSection(SolutionConfigurationPlatforms) = preSolution
		Debug|Win32 = Debug|Win32
		Release|Win32 = Release|Win32
	EndGlobalSection
	GlobalSection(ProjectConfigurationPlatforms) = postSolution
		{3D9E2F9C-6083-4F44-A2C2-32C84292E232}.Debug|Win32.ActiveCfg = Debug|Win32
		{3D9E2F9C-6083-4F44-A2C2-32C84292E232}.Debug|Win32.Build.0 = Debug|Win32
		{3D9E2F9C-6083-4F44-A2C2-32C84292E232}.Release|Win32.ActiveCfg = Release|Win32
		{3D9E2F9C-6083-4F44-A2C2-32C84292E232}.Release|Win32.Build.0 = Release|Win32
		{04D8CDBE-FB3E-4362-87E6-07DC3C0083B2}.Debug|Win32.ActiveCfg = Debug|Win32
		{04D8CDBE-FB3E-4362-87E6-07DC3C0083B2}.Debug|Win32.Build.0 = Debug|Win32
		{04D8CDBE-FB3E-4362-87E6-07DC3C0083B2}.Release|Win32.ActiveCfg = Release|Win32
		{04D8CDBE-FB3E-4362-87E6-07DC3C0083B2}.Release|Win32.Build.0 = Release|Win32
	EndGlobalSection
	GlobalSection(SolutionProperties) = preSolution
		HideSolutionNode = FALSE
	EndGlobalSection
EndGlobal
